
Microsoft Visual Studio Solution File, Format Version 12.00
# Visual Studio Version 16
VisualStudioVersion = 16.0.30320.27
MinimumVisualStudioVersion = 10.0.40219.1
Project("{888888A0-9F3D-457C-B088-3A5042F75D52}") = "HaLongBookingAPI", "HaLongBookingAPI\HaLongBookingAPI.pyproj", "{C67A152C-26A1-43FF-ABD8-6B79148918A4}"
EndProject
Global
	GlobalSection(SolutionConfigurationPlatforms) = preSolution
		Debug|Any CPU = Debug|Any CPU
		Release|Any CPU = Release|Any CPU
	EndGlobalSection
	GlobalSection(ProjectConfigurationPlatforms) = postSolution
		{C67A152C-26A1-43FF-ABD8-6B79148918A4}.Debug|Any CPU.ActiveCfg = Debug|Any CPU
		{C67A152C-26A1-43FF-ABD8-6B79148918A4}.Debug|Any CPU.Build.0 = Debug|Any CPU
		{C67A152C-26A1-43FF-ABD8-6B79148918A4}.Release|Any CPU.ActiveCfg = Release|Any CPU
		{C67A152C-26A1-43FF-ABD8-6B79148918A4}.Release|Any CPU.Build.0 = Release|Any CPU
	EndGlobalSection
	GlobalSection(SolutionProperties) = preSolution
		HideSolutionNode = FALSE
	EndGlobalSection
	GlobalSection(ExtensibilityGlobals) = postSolution
		SolutionGuid = {12A2089F-38DA-44D8-A4B9-FC290DA97E2A}
	EndGlobalSection
EndGlobal
